
Microsoft Visual Studio Solution File, Format Version 12.00
# Visual Studio Version 16
VisualStudioVersion = 16.0.29409.12
MinimumVisualStudioVersion = 10.0.40219.1
Project("{FAE04EC0-301F-11D3-BF4B-00C04F79EFBC}") = "ErdaldanisEDU", "ErdaldanisEDU\ErdaldanisEDU.csproj", "{4B3592F0-0C57-4EE7-AB3B-922CD93D42C4}"
EndProject
Global
	GlobalSection(SolutionConfigurationPlatforms) = preSolution
		Debug|Any CPU = Debug|Any CPU
		Release|Any CPU = Release|Any CPU
	EndGlobalSection
	GlobalSection(ProjectConfigurationPlatforms) = postSolution
		{4B3592F0-0C57-4EE7-AB3B-922CD93D42C4}.Debug|Any CPU.ActiveCfg = Debug|Any CPU
		{4B3592F0-0C57-4EE7-AB3B-922CD93D42C4}.Debug|Any CPU.Build.0 = Debug|Any CPU
		{4B3592F0-0C57-4EE7-AB3B-922CD93D42C4}.Release|Any CPU.ActiveCfg = Release|Any CPU
		{4B3592F0-0C57-4EE7-AB3B-922CD93D42C4}.Release|Any CPU.Build.0 = Release|Any CPU
	EndGlobalSection
	GlobalSection(SolutionProperties) = preSolution
		HideSolutionNode = FALSE
	EndGlobalSection
	GlobalSection(ExtensibilityGlobals) = postSolution
		SolutionGuid = {FFFEFDF5-B95D-432B-B51F-F0D804D8F181}
	EndGlobalSection
EndGlobal
